
Microsoft Visual Studio Solution File, Format Version 12.00
# Visual Studio Version 17
VisualStudioVersion = 17.7.34003.232
MinimumVisualStudioVersion = 10.0.40219.1
Project("{9A19103F-16F7-4668-BE54-9A1E7A4F7556}") = "Geometry", "Geometry.csproj", "{09096D88-D6B9-4163-A812-37821C0BA6C4}"
EndProject
Project("{9A19103F-16F7-4668-BE54-9A1E7A4F7556}") = "TestGeometry", "..\TestGeometry\TestGeometry.csproj", "{8B08B5C2-FEE0-4253-974E-1A818AD5CDDE}"
EndProject
Global
	GlobalSection(SolutionConfigurationPlatforms) = preSolution
		Debug|Any CPU = Debug|Any CPU
		Release|Any CPU = Release|Any CPU
	EndGlobalSection
	GlobalSection(ProjectConfigurationPlatforms) = postSolution
		{09096D88-D6B9-4163-A812-37821C0BA6C4}.Debug|Any CPU.ActiveCfg = Debug|Any CPU
		{09096D88-D6B9-4163-A812-37821C0BA6C4}.Debug|Any CPU.Build.0 = Debug|Any CPU
		{09096D88-D6B9-4163-A812-37821C0BA6C4}.Release|Any CPU.ActiveCfg = Release|Any CPU
		{09096D88-D6B9-4163-A812-37821C0BA6C4}.Release|Any CPU.Build.0 = Release|Any CPU
		{8B08B5C2-FEE0-4253-974E-1A818AD5CDDE}.Debug|Any CPU.ActiveCfg = Debug|Any CPU
		{8B08B5C2-FEE0-4253-974E-1A818AD5CDDE}.Debug|Any CPU.Build.0 = Debug|Any CPU
		{8B08B5C2-FEE0-4253-974E-1A818AD5CDDE}.Release|Any CPU.ActiveCfg = Release|Any CPU
		{8B08B5C2-FEE0-4253-974E-1A818AD5CDDE}.Release|Any CPU.Build.0 = Release|Any CPU
	EndGlobalSection
	GlobalSection(SolutionProperties) = preSolution
		HideSolutionNode = FALSE
	EndGlobalSection
	GlobalSection(ExtensibilityGlobals) = postSolution
		SolutionGuid = {01789213-A28E-478D-BA6C-4CD1924A588B}
	EndGlobalSection
EndGlobal
